// !$*UTF8*$!
{
	archiveVersion = 1;
	classes = {
	};
	objectVersion = 46;
	objects = {

/* Begin PBXBuildFile section */
		9E243CE71EE0A25A0013AB8F /* AppDelegate.swift in Sources */ = {isa = PBXBuildFile; fileRef = 9E243CE61EE0A25A0013AB8F /* AppDelegate.swift */; };
		9E243CE91EE0A25A0013AB8F /* MoviesListViewController.swift in Sources */ = {isa = PBXBuildFile; fileRef = 9E243CE81EE0A25A0013AB8F /* MoviesListViewController.swift */; };
		9E243CEC1EE0A25B0013AB8F /* Main.storyboard in Resources */ = {isa = PBXBuildFile; fileRef = 9E243CEA1EE0A25B0013AB8F /* Main.storyboard */; };
		9E243CEE1EE0A25B0013AB8F /* Assets.xcassets in Resources */ = {isa = PBXBuildFile; fileRef = 9E243CED1EE0A25B0013AB8F /* Assets.xcassets */; };
		9E243CF11EE0A25B0013AB8F /* LaunchScreen.storyboard in Resources */ = {isa = PBXBuildFile; fileRef = 9E243CEF1EE0A25B0013AB8F /* LaunchScreen.storyboard */; };
		9E243CF91EE116640013AB8F /* MovieDetailsViewController.swift in Sources */ = {isa = PBXBuildFile; fileRef = 9E243CF81EE116640013AB8F /* MovieDetailsViewController.swift */; };
/* End PBXBuildFile section */

/* Begin PBXFileReference section */
		9E243CE31EE0A25A0013AB8F /* MoviesList.app */ = {isa = PBXFileReference; explicitFileType = wrapper.application; includeInIndex = 0; path = MoviesList.app; sourceTree = BUILT_PRODUCTS_DIR; };
		9E243CE61EE0A25A0013AB8F /* AppDelegate.swift */ = {isa = PBXFileReference; lastKnownFileType = sourcecode.swift; path = AppDelegate.swift; sourceTree = "<group>"; };
		9E243CE81EE0A25A0013AB8F /* MoviesListViewController.swift */ = {isa = PBXFileReference; lastKnownFileType = sourcecode.swift; path = MoviesListViewController.swift; sourceTree = "<group>"; };
		9E243CEB1EE0A25B0013AB8F /* Base */ = {isa = PBXFileReference; lastKnownFileType = file.storyboard; name = Base; path = Base.lproj/Main.storyboard; sourceTree = "<group>"; };
		9E243CED1EE0A25B0013AB8F /* Assets.xcassets */ = {isa = PBXFileReference; lastKnownFileType = folder.assetcatalog; path = Assets.xcassets; sourceTree = "<group>"; };
		9E243CF01EE0A25B0013AB8F /* Base */ = {isa = PBXFileReference; lastKnownFileType = file.storyboard; name = Base; path = Base.lproj/LaunchScreen.storyboard; sourceTree = "<group>"; };
		9E243CF21EE0A25B0013AB8F /* Info.plist */ = {isa = PBXFileReference; lastKnownFileType = text.plist.xml; path = Info.plist; sourceTree = "<group>"; };
		9E243CF81EE116640013AB8F /* MovieDetailsViewController.swift */ = {isa = PBXFileReference; fileEncoding = 4; lastKnownFileType = sourcecode.swift; path = MovieDetailsViewController.swift; sourceTree = "<group>"; };
/* End PBXFileReference section */

/* Begin PBXFrameworksBuildPhase section */
		9E243CE01EE0A25A0013AB8F /* Frameworks */ = {
			isa = PBXFrameworksBuildPhase;
			buildActionMask = 2147483647;
			files = (
			);
			runOnlyForDeploymentPostprocessing = 0;
		};
/* End PBXFrameworksBuildPhase section */

/* Begin PBXGroup section */
		9E243CDA1EE0A25A0013AB8F = {
			isa = PBXGroup;
			children = (
				9E243CE51EE0A25A0013AB8F /* MoviesList */,
				9E243CE41EE0A25A0013AB8F /* Products */,
			);
			sourceTree = "<group>";
		};
		9E243CE41EE0A25A0013AB8F /* Products */ = {
			isa = PBXGroup;
			children = (
				9E243CE31EE0A25A0013AB8F /* MoviesList.app */,
			);
			name = Products;
			sourceTree = "<group>";
		};
		9E243CE51EE0A25A0013AB8F /* MoviesList */ = {
			isa = PBXGroup;
			children = (
				9E243CE61EE0A25A0013AB8F /* AppDelegate.swift */,
				9E243CE81EE0A25A0013AB8F /* MoviesListViewController.swift */,
				9E243CF81EE116640013AB8F /* MovieDetailsViewController.swift */,
				9E243CEA1EE0A25B0013AB8F /* Main.storyboard */,
				9E243CED1EE0A25B0013AB8F /* Assets.xcassets */,
				9E243CEF1EE0A25B0013AB8F /* LaunchScreen.storyboard */,
				9E243CF21EE0A25B0013AB8F /* Info.plist */,
			);
			path = MoviesList;
			sourceTree = "<group>";
		};
/* End PBXGroup section */

/* Begin PBXNativeTarget section */
		9E243CE21EE0A25A0013AB8F /* MoviesList */ = {
			isa = PBXNativeTarget;
			buildConfigurationList = 9E243CF51EE0A25B0013AB8F /* Build configuration list for PBXNativeTarget "MoviesList" */;
			buildPhases = (
				9E243CDF1EE0A25A0013AB8F /* Sources */,
				9E243CE01EE0A25A0013AB8F /* Frameworks */,
				9E243CE11EE0A25A0013AB8F /* Resources */,
			);
			buildRules = (
			);
			dependencies = (
			);
			name = MoviesList;
			productName = MoviesList;
			productReference = 9E243CE31EE0A25A0013AB8F /* MoviesList.app */;
			productType = "com.apple.product-type.application";
		};
/* End PBXNativeTarget section */

/* Begin PBXProject section */
		9E243CDB1EE0A25A0013AB8F /* Project object */ = {
			isa = PBXProject;
			attributes = {
				LastSwiftUpdateCheck = 0830;
				LastUpgradeCheck = 0830;
				ORGANIZATIONNAME = Vishnu;
				TargetAttributes = {
					9E243CE21EE0A25A0013AB8F = {
						CreatedOnToolsVersion = 8.3.2;
						ProvisioningStyle = Automatic;
					};
				};
			};
			buildConfigurationList = 9E243CDE1EE0A25A0013AB8F /* Build configuration list for PBXProject "MoviesList" */;
			compatibilityVersion = "Xcode 3.2";
			developmentRegion = English;
			hasScannedForEncodings = 0;
			knownRegions = (
				en,
				Base,
			);
			mainGroup = 9E243CDA1EE0A25A0013AB8F;
			productRefGroup = 9E243CE41EE0A25A0013AB8F /* Products */;
			projectDirPath = "";
			projectRoot = "";
			targets = (
				9E243CE21EE0A25A0013AB8F /* MoviesList */,
			);
		};
/* End PBXProject section */

/* Begin PBXResourcesBuildPhase section */
		9E243CE11EE0A25A0013AB8F /* Resources */ = {
			isa = PBXResourcesBuildPhase;
			buildActionMask = 2147483647;
			files = (
				9E243CF11EE0A25B0013AB8F /* LaunchScreen.storyboard in Resources */,
				9E243CEE1EE0A25B0013AB8F /* Assets.xcassets in Resources */,
				9E243CEC1EE0A25B0013AB8F /* Main.storyboard in Resources */,
			);
			runOnlyForDeploymentPostprocessing = 0;
		};
/* End PBXResourcesBuildPhase section */

/* Begin PBXSourcesBuildPhase section */
		9E243CDF1EE0A25A0013AB8F /* Sources */ = {
			isa = PBXSourcesBuildPhase;
			buildActionMask = 2147483647;
			files = (
				9E243CE91EE0A25A0013AB8F /* MoviesListViewController.swift in Sources */,
				9E243CF91EE116640013AB8F /* MovieDetailsViewController.swift in Sources */,
				9E243CE71EE0A25A0013AB8F /* AppDelegate.swift in Sources */,
			);
			runOnlyForDeploymentPostprocessing = 0;
		};
/* End PBXSourcesBuildPhase section */

/* Begin PBXVariantGroup section */
		9E243CEA1EE0A25B0013AB8F /* Main.storyboard */ = {
			isa = PBXVariantGroup;
			children = (
				9E243CEB1EE0A25B0013AB8F /* Base */,
			);
			name = Main.storyboard;
			sourceTree = "<group>";
		};
		9E243CEF1EE0A25B0013AB8F /* LaunchScreen.storyboard */ = {
			isa = PBXVariantGroup;
			children = (
				9E243CF01EE0A25B0013AB8F /* Base */,
			);
			name = LaunchScreen.storyboard;
			sourceTree = "<group>";
		};
/* End PBXVariantGroup section */

/* Begin XCBuildConfiguration section */
		9E243CF31EE0A25B0013AB8F /* Debug */ = {
			isa = XCBuildConfiguration;
			buildSettings = {
				ALWAYS_SEARCH_USER_PATHS = NO;
				CLANG_ANALYZER_NONNULL = YES;
				CLANG_ANALYZER_NUMBER_OBJECT_CONVERSION = YES_AGGRESSIVE;
				CLANG_CXX_LANGUAGE_STANDARD = "gnu++0x";
				CLANG_CXX_LIBRARY = "libc++";
				CLANG_ENABLE_MODULES = YES;
				CLANG_ENABLE_OBJC_ARC = YES;
				CLANG_WARN_BOOL_CONVERSION = YES;
				CLANG_WARN_CONSTANT_CONVERSION = YES;
				CLANG_WARN_DIRECT_OBJC_ISA_USAGE = YES_ERROR;
				CLANG_WARN_DOCUMENTATION_COMMENTS = YES;
				CLANG_WARN_EMPTY_BODY = YES;
				CLANG_WARN_ENUM_CONVERSION = YES;
				CLANG_WARN_INFINITE_RECURSION = YES;
				CLANG_WARN_INT_CONVERSION = YES;
				CLANG_WARN_OBJC_ROOT_CLASS = YES_ERROR;
				CLANG_WARN_SUSPICIOUS_MOVE = YES;
				CLANG_WARN_UNREACHABLE_CODE = YES;
				CLANG_WARN__DUPLICATE_METHOD_MATCH = YES;
				"CODE_SIGN_IDENTITY[sdk=iphoneos*]" = "iPhone Developer";
				COPY_PHASE_STRIP = NO;
				DEBUG_INFORMATION_FORMAT = dwarf;
				ENABLE_STRICT_OBJC_MSGSEND = YES;
				ENABLE_TESTABILITY = YES;
				GCC_C_LANGUAGE_STANDARD = gnu99;
				GCC_DYNAMIC_NO_PIC = NO;
				GCC_NO_COMMON_BLOCKS = YES;
				GCC_OPTIMIZATION_LEVEL = 0;
				GCC_PREPROCESSOR_DEFINITIONS = (
					"DEBUG=1",
					"$(inherited)",
				);
				GCC_WARN_64_TO_32_BIT_CONVERSION = YES;
				GCC_WARN_ABOUT_RETURN_TYPE = YES_ERROR;
				GCC_WARN_UNDECLARED_SELECTOR = YES;
				GCC_WARN_UNINITIALIZED_AUTOS = YES_AGGRESSIVE;
				GCC_WARN_UNUSED_FUNCTION = YES;
				GCC_WARN_UNUSED_VARIABLE = YES;
				IPHONEOS_DEPLOYMENT_TARGET = 10.3;
				MTL_ENABLE_DEBUG_INFO = YES;
				ONLY_ACTIVE_ARCH = YES;
				SDKROOT = iphoneos;
				SWIFT_ACTIVE_COMPILATION_CONDITIONS = DEBUG;
				SWIFT_OPTIMIZATION_LEVEL = "-Onone";
			};
			name = Debug;
		};
		9E243CF41EE0A25B0013AB8F /* Release */ = {
			isa = XCBuildConfiguration;
			buildSettings = {
				ALWAYS_SEARCH_USER_PATHS = NO;
				CLANG_ANALYZER_NONNULL = YES;
				CLANG_ANALYZER_NUMBER_OBJECT_CONVERSION = YES_AGGRESSIVE;
				CLANG_CXX_LANGUAGE_STANDARD = "gnu++0x";
				CLANG_CXX_LIBRARY = "libc++";
				CLANG_ENABLE_MODULES = YES;
				CLANG_ENABLE_OBJC_ARC = YES;
				CLANG_WARN_BOOL_CONVERSION = YES;
				CLANG_WARN_CONSTANT_CONVERSION = YES;
				CLANG_WARN_DIRECT_OBJC_ISA_USAGE = YES_ERROR;
				CLANG_WARN_DOCUMENTATION_COMMENTS = YES;
				CLANG_WARN_EMPTY_BODY = YES;
				CLANG_WARN_ENUM_CONVERSION = YES;
				CLANG_WARN_INFINITE_RECURSION = YES;
				CLANG_WARN_INT_CONVERSION = YES;
				CLANG_WARN_OBJC_ROOT_CLASS = YES_ERROR;
				CLANG_WARN_SUSPICIOUS_MOVE = YES;
				CLANG_WARN_UNREACHABLE_CODE = YES;
				CLANG_WARN__DUPLICATE_METHOD_MATCH = YES;
				"CODE_SIGN_IDENTITY[sdk=iphoneos*]" = "iPhone Developer";
				COPY_PHASE_STRIP = NO;
				DEBUG_INFORMATION_FORMAT = "dwarf-with-dsym";
				ENABLE_NS_ASSERTIONS = NO;
				ENABLE_STRICT_OBJC_MSGSEND = YES;
				GCC_C_LANGUAGE_STANDARD = gnu99;
				GCC_NO_COMMON_BLOCKS = YES;
				GCC_WARN_64_TO_32_BIT_CONVERSION = YES;
				GCC_WARN_ABOUT_RETURN_TYPE = YES_ERROR;
				GCC_WARN_UNDECLARED_SELECTOR = YES;
				GCC_WARN_UNINITIALIZED_AUTOS = YES_AGGRESSIVE;
				GCC_WARN_UNUSED_FUNCTION = YES;
				GCC_WARN_UNUSED_VARIABLE = YES;
				IPHONEOS_DEPLOYMENT_TARGET = 10.3;
				MTL_ENABLE_DEBUG_INFO = NO;
				SDKROOT = iphoneos;
				SWIFT_OPTIMIZATION_LEVEL = "-Owholemodule";
				VALIDATE_PRODUCT = YES;
			};
			name = Release;
		};
		9E243CF61EE0A25B0013AB8F /* Debug */ = {
			isa = XCBuildConfiguration;
			buildSettings = {
				ASSETCATALOG_COMPILER_APPICON_NAME = AppIcon;
				INFOPLIST_FILE = MoviesList/Info.plist;
				LD_RUNPATH_SEARCH_PATHS = "$(inherited) @executable_path/Frameworks";
				PRODUCT_BUNDLE_IDENTIFIER = com.Vishnu.MoviesList;
				PRODUCT_NAME = "$(TARGET_NAME)";
				SWIFT_VERSION = 3.0;
			};
			name = Debug;
		};
		9E243CF71EE0A25B0013AB8F /* Release */ = {
			isa = XCBuildConfiguration;
			buildSettings = {
				ASSETCATALOG_COMPILER_APPICON_NAME = AppIcon;
				INFOPLIST_FILE = MoviesList/Info.plist;
				LD_RUNPATH_SEARCH_PATHS = "$(inherited) @executable_path/Frameworks";
				PRODUCT_BUNDLE_IDENTIFIER = com.Vishnu.MoviesList;
				PRODUCT_NAME = "$(TARGET_NAME)";
				SWIFT_VERSION = 3.0;
			};
			name = Release;
		};
/* End XCBuildConfiguration section */

/* Begin XCConfigurationList section */
		9E243CDE1EE0A25A0013AB8F /* Build configuration list for PBXProject "MoviesList" */ = {
			isa = XCConfigurationList;
			buildConfigurations = (
				9E243CF31EE0A25B0013AB8F /* Debug */,
				9E243CF41EE0A25B0013AB8F /* Release */,
			);
			defaultConfigurationIsVisible = 0;
			defaultConfigurationName = Release;
		};
		9E243CF51EE0A25B0013AB8F /* Build configuration list for PBXNativeTarget "MoviesList" */ = {
			isa = XCConfigurationList;
			buildConfigurations = (
				9E243CF61EE0A25B0013AB8F /* Debug */,
				9E243CF71EE0A25B0013AB8F /* Release */,
			);
			defaultConfigurationIsVisible = 0;
			defaultConfigurationName = Release;
		};
/* End XCConfigurationList section */
	};
	rootObject = 9E243CDB1EE0A25A0013AB8F /* Project object */;
}
